
Microsoft Visual Studio Solution File, Format Version 12.00
# Visual Studio Version 16
VisualStudioVersion = 16.0.33927.289
MinimumVisualStudioVersion = 10.0.40219.1
Project("{2150E333-8FDC-42A3-9474-1A3956D46DE8}") = "Task0", "Task0", "{4138D36E-6D2F-418C-A8C8-44CDCD25E263}"
	ProjectSection(SolutionItems) = preProject
		..\..\..\Desktop\Folders\Untitled.png = ..\..\..\Desktop\Folders\Untitled.png
	EndProjectSection
EndProject
Project("{FAE04EC0-301F-11D3-BF4B-00C04F79EFBC}") = "Tyuiu.TkachukSS.Sprint6.Task0.V3.Lib", "Tyuiu.TkachukSS.Sprint6.Task0.V3.Lib\Tyuiu.TkachukSS.Sprint6.Task0.V3.Lib.csproj", "{EE580F07-48BE-4B1D-B5AF-66AB7DBE1596}"
EndProject
Project("{FAE04EC0-301F-11D3-BF4B-00C04F79EFBC}") = "Tyuiu.TkachukSS.Sprint6.Task0.V3.Test", "Tyuiu.TkachukSS.Sprint6.Task0.V3.Test\Tyuiu.TkachukSS.Sprint6.Task0.V3.Test.csproj", "{06826B17-8F54-4303-9451-606363198FFF}"
EndProject
Project("{FAE04EC0-301F-11D3-BF4B-00C04F79EFBC}") = "Tyuiu.TkachukSS.Sprint6.Task0.V3", "Tyuiu.TkachukSS.Sprint6.Task0.V3\Tyuiu.TkachukSS.Sprint6.Task0.V3.csproj", "{FF1F57AE-4190-49E1-81CA-528395B932BA}"
EndProject
Global
	GlobalSection(SolutionConfigurationPlatforms) = preSolution
		Debug|Any CPU = Debug|Any CPU
		Release|Any CPU = Release|Any CPU
	EndGlobalSection
	GlobalSection(ProjectConfigurationPlatforms) = postSolution
		{EE580F07-48BE-4B1D-B5AF-66AB7DBE1596}.Debug|Any CPU.ActiveCfg = Debug|Any CPU
		{EE580F07-48BE-4B1D-B5AF-66AB7DBE1596}.Debug|Any CPU.Build.0 = Debug|Any CPU
		{EE580F07-48BE-4B1D-B5AF-66AB7DBE1596}.Release|Any CPU.ActiveCfg = Release|Any CPU
		{EE580F07-48BE-4B1D-B5AF-66AB7DBE1596}.Release|Any CPU.Build.0 = Release|Any CPU
		{06826B17-8F54-4303-9451-606363198FFF}.Debug|Any CPU.ActiveCfg = Debug|Any CPU
		{06826B17-8F54-4303-9451-606363198FFF}.Debug|Any CPU.Build.0 = Debug|Any CPU
		{06826B17-8F54-4303-9451-606363198FFF}.Release|Any CPU.ActiveCfg = Release|Any CPU
		{06826B17-8F54-4303-9451-606363198FFF}.Release|Any CPU.Build.0 = Release|Any CPU
		{FF1F57AE-4190-49E1-81CA-528395B932BA}.Debug|Any CPU.ActiveCfg = Debug|Any CPU
		{FF1F57AE-4190-49E1-81CA-528395B932BA}.Debug|Any CPU.Build.0 = Debug|Any CPU
		{FF1F57AE-4190-49E1-81CA-528395B932BA}.Release|Any CPU.ActiveCfg = Release|Any CPU
		{FF1F57AE-4190-49E1-81CA-528395B932BA}.Release|Any CPU.Build.0 = Release|Any CPU
	EndGlobalSection
	GlobalSection(SolutionProperties) = preSolution
		HideSolutionNode = FALSE
	EndGlobalSection
	GlobalSection(NestedProjects) = preSolution
		{EE580F07-48BE-4B1D-B5AF-66AB7DBE1596} = {4138D36E-6D2F-418C-A8C8-44CDCD25E263}
		{06826B17-8F54-4303-9451-606363198FFF} = {4138D36E-6D2F-418C-A8C8-44CDCD25E263}
		{FF1F57AE-4190-49E1-81CA-528395B932BA} = {4138D36E-6D2F-418C-A8C8-44CDCD25E263}
	EndGlobalSection
	GlobalSection(ExtensibilityGlobals) = postSolution
		SolutionGuid = {A0F7BF9C-1BD4-4F5B-8E36-B3E0CEE9C80C}
	EndGlobalSection
EndGlobal
